
Microsoft Visual Studio Solution File, Format Version 11.00
# Visual Studio 2010
Project("{FAE04EC0-301F-11D3-BF4B-00C04F79EFBC}") = "server", "server\server.csproj", "{F9555BF1-A267-4640-92B9-743DB969E92F}"
EndProject
Project("{FAE04EC0-301F-11D3-BF4B-00C04F79EFBC}") = "yondr", "yondr\yondr.csproj", "{F09AF069-6A17-4877-99BB-4CA915B49F64}"
EndProject
Project("{FAE04EC0-301F-11D3-BF4B-00C04F79EFBC}") = "test", "test\test.csproj", "{806BF5EB-9DCD-4D11-BB21-68ACCCAB3F82}"
EndProject
Project("{FAE04EC0-301F-11D3-BF4B-00C04F79EFBC}") = "script-helper", "script-helper\script-helper.csproj", "{95FC67BD-EC57-4123-94B3-72E66723D0AD}"
EndProject
Project("{FAE04EC0-301F-11D3-BF4B-00C04F79EFBC}") = "script-context", "script-context\script-context.csproj", "{A73EDE74-5D87-4702-BC75-4B11BA685E86}"
EndProject
Project("{FAE04EC0-301F-11D3-BF4B-00C04F79EFBC}") = "client", "client\client.csproj", "{F4314A09-6E45-432B-B2D7-2A1AC7FB6B5B}"
EndProject
Project("{FAE04EC0-301F-11D3-BF4B-00C04F79EFBC}") = "_space", "gamedata\space\_space.csproj", "{B130B145-02BD-47D8-B21C-94D22DE2E468}"
EndProject
Global
	GlobalSection(SolutionConfigurationPlatforms) = preSolution
		Debug|x86 = Debug|x86
		Release|x86 = Release|x86
	EndGlobalSection
	GlobalSection(ProjectConfigurationPlatforms) = postSolution
		{806BF5EB-9DCD-4D11-BB21-68ACCCAB3F82}.Debug|x86.ActiveCfg = Debug|x86
		{806BF5EB-9DCD-4D11-BB21-68ACCCAB3F82}.Debug|x86.Build.0 = Debug|x86
		{806BF5EB-9DCD-4D11-BB21-68ACCCAB3F82}.Release|x86.ActiveCfg = Release|x86
		{806BF5EB-9DCD-4D11-BB21-68ACCCAB3F82}.Release|x86.Build.0 = Release|x86
		{95FC67BD-EC57-4123-94B3-72E66723D0AD}.Debug|x86.ActiveCfg = Debug|Any CPU
		{95FC67BD-EC57-4123-94B3-72E66723D0AD}.Debug|x86.Build.0 = Debug|Any CPU
		{95FC67BD-EC57-4123-94B3-72E66723D0AD}.Release|x86.ActiveCfg = Release|Any CPU
		{95FC67BD-EC57-4123-94B3-72E66723D0AD}.Release|x86.Build.0 = Release|Any CPU
		{A73EDE74-5D87-4702-BC75-4B11BA685E86}.Debug|x86.ActiveCfg = Debug|Any CPU
		{A73EDE74-5D87-4702-BC75-4B11BA685E86}.Debug|x86.Build.0 = Debug|Any CPU
		{A73EDE74-5D87-4702-BC75-4B11BA685E86}.Release|x86.ActiveCfg = Release|Any CPU
		{A73EDE74-5D87-4702-BC75-4B11BA685E86}.Release|x86.Build.0 = Release|Any CPU
		{B130B145-02BD-47D8-B21C-94D22DE2E468}.Debug|x86.ActiveCfg = Debug|x86
		{B130B145-02BD-47D8-B21C-94D22DE2E468}.Debug|x86.Build.0 = Debug|x86
		{B130B145-02BD-47D8-B21C-94D22DE2E468}.Release|x86.ActiveCfg = Release|x86
		{B130B145-02BD-47D8-B21C-94D22DE2E468}.Release|x86.Build.0 = Release|x86
		{F09AF069-6A17-4877-99BB-4CA915B49F64}.Debug|x86.ActiveCfg = Debug|x86
		{F09AF069-6A17-4877-99BB-4CA915B49F64}.Debug|x86.Build.0 = Debug|x86
		{F09AF069-6A17-4877-99BB-4CA915B49F64}.Release|x86.ActiveCfg = Release|x86
		{F09AF069-6A17-4877-99BB-4CA915B49F64}.Release|x86.Build.0 = Release|x86
		{F4314A09-6E45-432B-B2D7-2A1AC7FB6B5B}.Debug|x86.ActiveCfg = Debug|x86
		{F4314A09-6E45-432B-B2D7-2A1AC7FB6B5B}.Debug|x86.Build.0 = Debug|x86
		{F4314A09-6E45-432B-B2D7-2A1AC7FB6B5B}.Release|x86.ActiveCfg = Release|x86
		{F4314A09-6E45-432B-B2D7-2A1AC7FB6B5B}.Release|x86.Build.0 = Release|x86
		{F9555BF1-A267-4640-92B9-743DB969E92F}.Debug|x86.ActiveCfg = Debug|x86
		{F9555BF1-A267-4640-92B9-743DB969E92F}.Debug|x86.Build.0 = Debug|x86
		{F9555BF1-A267-4640-92B9-743DB969E92F}.Release|x86.ActiveCfg = Release|x86
		{F9555BF1-A267-4640-92B9-743DB969E92F}.Release|x86.Build.0 = Release|x86
	EndGlobalSection
	GlobalSection(MonoDevelopProperties) = preSolution
		Policies = $0
		$0.DotNetNamingPolicy = $1
		$1.DirectoryNamespaceAssociation = None
		$1.ResourceNamePolicy = FileFormatDefault
		$0.TextStylePolicy = $2
		$2.FileWidth = 100
		$2.TabsToSpaces = False
		$2.NoTabsAfterNonTabs = True
		$2.inheritsSet = VisualStudio
		$2.inheritsScope = text/plain
		$2.scope = text/x-csharp
		$0.CSharpFormattingPolicy = $3
		$3.IndentNamespaceBody = False
		$3.IndentSwitchBody = True
		$3.NamespaceBraceStyle = EndOfLine
		$3.ClassBraceStyle = EndOfLine
		$3.InterfaceBraceStyle = EndOfLine
		$3.StructBraceStyle = EndOfLine
		$3.EnumBraceStyle = EndOfLine
		$3.MethodBraceStyle = EndOfLine
		$3.ConstructorBraceStyle = EndOfLine
		$3.DestructorBraceStyle = EndOfLine
		$3.EmbeddedStatementPlacement = DoNotCare
		$3.BeforeMethodDeclarationParentheses = False
		$3.BeforeMethodCallParentheses = False
		$3.BeforeConstructorDeclarationParentheses = False
		$3.BeforeIndexerDeclarationBracket = False
		$3.BeforeDelegateDeclarationParentheses = False
		$3.AfterDelegateDeclarationParameterComma = True
		$3.NewParentheses = False
		$3.SpacesBeforeBrackets = False
		$3.inheritsSet = Mono
		$3.inheritsScope = text/x-csharp
		$3.scope = text/x-csharp
	EndGlobalSection
EndGlobal
